
Microsoft Visual Studio Solution File, Format Version 12.00
# Visual Studio Version 17
VisualStudioVersion = 17.10.35122.118
MinimumVisualStudioVersion = 10.0.40219.1
Project("{FAE04EC0-301F-11D3-BF4B-00C04F79EFBC}") = "txtCreate", "txtCreate\txtCreate.csproj", "{ACB713BB-FF76-4EDF-BCDB-18241FDDD63C}"
EndProject
Global
	GlobalSection(SolutionConfigurationPlatforms) = preSolution
		Debug|Any CPU = Debug|Any CPU
		Release|Any CPU = Release|Any CPU
	EndGlobalSection
	GlobalSection(ProjectConfigurationPlatforms) = postSolution
		{ACB713BB-FF76-4EDF-BCDB-18241FDDD63C}.Debug|Any CPU.ActiveCfg = Debug|Any CPU
		{ACB713BB-FF76-4EDF-BCDB-18241FDDD63C}.Debug|Any CPU.Build.0 = Debug|Any CPU
		{ACB713BB-FF76-4EDF-BCDB-18241FDDD63C}.Release|Any CPU.ActiveCfg = Release|Any CPU
		{ACB713BB-FF76-4EDF-BCDB-18241FDDD63C}.Release|Any CPU.Build.0 = Release|Any CPU
	EndGlobalSection
	GlobalSection(SolutionProperties) = preSolution
		HideSolutionNode = FALSE
	EndGlobalSection
	GlobalSection(ExtensibilityGlobals) = postSolution
		SolutionGuid = {01F513B9-80B9-4B4A-AB88-6E421CD94005}
	EndGlobalSection
EndGlobal
